
Microsoft Visual Studio Solution File, Format Version 12.00
# Visual Studio Version 17
VisualStudioVersion = 17.5.33530.505
MinimumVisualStudioVersion = 10.0.40219.1
Project("{FAE04EC0-301F-11D3-BF4B-00C04F79EFBC}") = "VismasLoanCalculator", "VismasLoanCalculator\VismasLoanCalculator.csproj", "{97FA548E-098A-42D2-B49C-0961FA30F116}"
EndProject
Global
	GlobalSection(SolutionConfigurationPlatforms) = preSolution
		Debug|Any CPU = Debug|Any CPU
		Release|Any CPU = Release|Any CPU
	EndGlobalSection
	GlobalSection(ProjectConfigurationPlatforms) = postSolution
		{97FA548E-098A-42D2-B49C-0961FA30F116}.Debug|Any CPU.ActiveCfg = Debug|Any CPU
		{97FA548E-098A-42D2-B49C-0961FA30F116}.Debug|Any CPU.Build.0 = Debug|Any CPU
		{97FA548E-098A-42D2-B49C-0961FA30F116}.Release|Any CPU.ActiveCfg = Release|Any CPU
		{97FA548E-098A-42D2-B49C-0961FA30F116}.Release|Any CPU.Build.0 = Release|Any CPU
	EndGlobalSection
	GlobalSection(SolutionProperties) = preSolution
		HideSolutionNode = FALSE
	EndGlobalSection
	GlobalSection(ExtensibilityGlobals) = postSolution
		SolutionGuid = {F693A87F-F11E-4D68-BA09-2BF0D64D533D}
	EndGlobalSection
EndGlobal
